
Microsoft Visual Studio Solution File, Format Version 12.00
# Visual Studio Version 16
VisualStudioVersion = 16.0.31515.178
MinimumVisualStudioVersion = 10.0.40219.1
Project("{FAE04EC0-301F-11D3-BF4B-00C04F79EFBC}") = "Vlad", "Vlad\Vlad.csproj", "{931B9C67-AD59-4FEF-8DF8-B20AF7DF481E}"
EndProject
Global
	GlobalSection(SolutionConfigurationPlatforms) = preSolution
		Debug|Any CPU = Debug|Any CPU
		Release|Any CPU = Release|Any CPU
	EndGlobalSection
	GlobalSection(ProjectConfigurationPlatforms) = postSolution
		{931B9C67-AD59-4FEF-8DF8-B20AF7DF481E}.Debug|Any CPU.ActiveCfg = Debug|Any CPU
		{931B9C67-AD59-4FEF-8DF8-B20AF7DF481E}.Debug|Any CPU.Build.0 = Debug|Any CPU
		{931B9C67-AD59-4FEF-8DF8-B20AF7DF481E}.Release|Any CPU.ActiveCfg = Release|Any CPU
		{931B9C67-AD59-4FEF-8DF8-B20AF7DF481E}.Release|Any CPU.Build.0 = Release|Any CPU
	EndGlobalSection
	GlobalSection(SolutionProperties) = preSolution
		HideSolutionNode = FALSE
	EndGlobalSection
	GlobalSection(ExtensibilityGlobals) = postSolution
		SolutionGuid = {8051E550-9E4F-4255-8181-00985AB8DFB4}
	EndGlobalSection
EndGlobal
