
Microsoft Visual Studio Solution File, Format Version 12.00
# Visual Studio Version 16
VisualStudioVersion = 16.0.31515.178
MinimumVisualStudioVersion = 10.0.40219.1
Project("{FAE04EC0-301F-11D3-BF4B-00C04F79EFBC}") = "Cookie Monster", "Cookie Monster\Cookie Monster.csproj", "{8839CA46-F836-4FF7-A470-78A825BC387D}"
EndProject
Global
	GlobalSection(SolutionConfigurationPlatforms) = preSolution
		Debug|Any CPU = Debug|Any CPU
		Release|Any CPU = Release|Any CPU
	EndGlobalSection
	GlobalSection(ProjectConfigurationPlatforms) = postSolution
		{8839CA46-F836-4FF7-A470-78A825BC387D}.Debug|Any CPU.ActiveCfg = Debug|Any CPU
		{8839CA46-F836-4FF7-A470-78A825BC387D}.Debug|Any CPU.Build.0 = Debug|Any CPU
		{8839CA46-F836-4FF7-A470-78A825BC387D}.Release|Any CPU.ActiveCfg = Release|Any CPU
		{8839CA46-F836-4FF7-A470-78A825BC387D}.Release|Any CPU.Build.0 = Release|Any CPU
	EndGlobalSection
	GlobalSection(SolutionProperties) = preSolution
		HideSolutionNode = FALSE
	EndGlobalSection
	GlobalSection(ExtensibilityGlobals) = postSolution
		SolutionGuid = {699C4046-305B-4186-B5D8-0E425ACCF956}
	EndGlobalSection
EndGlobal
