
Microsoft Visual Studio Solution File, Format Version 12.00
# Visual Studio Version 16
VisualStudioVersion = 16.0.31515.178
MinimumVisualStudioVersion = 10.0.40219.1
Project("{FAE04EC0-301F-11D3-BF4B-00C04F79EFBC}") = "DBPC", "DBPC\DBPC.csproj", "{C35A13BA-D239-4111-B0D4-23BACC83FF54}"
EndProject
Global
	GlobalSection(SolutionConfigurationPlatforms) = preSolution
		Debug|Any CPU = Debug|Any CPU
		Release|Any CPU = Release|Any CPU
	EndGlobalSection
	GlobalSection(ProjectConfigurationPlatforms) = postSolution
		{C35A13BA-D239-4111-B0D4-23BACC83FF54}.Debug|Any CPU.ActiveCfg = Debug|Any CPU
		{C35A13BA-D239-4111-B0D4-23BACC83FF54}.Debug|Any CPU.Build.0 = Debug|Any CPU
		{C35A13BA-D239-4111-B0D4-23BACC83FF54}.Release|Any CPU.ActiveCfg = Release|Any CPU
		{C35A13BA-D239-4111-B0D4-23BACC83FF54}.Release|Any CPU.Build.0 = Release|Any CPU
	EndGlobalSection
	GlobalSection(SolutionProperties) = preSolution
		HideSolutionNode = FALSE
	EndGlobalSection
	GlobalSection(ExtensibilityGlobals) = postSolution
		SolutionGuid = {9B805033-A83B-4EFA-8F43-4B4858910AD9}
	EndGlobalSection
EndGlobal
