
Microsoft Visual Studio Solution File, Format Version 12.00
# Visual Studio Version 16
VisualStudioVersion = 16.0.31515.178
MinimumVisualStudioVersion = 10.0.40219.1
Project("{FAE04EC0-301F-11D3-BF4B-00C04F79EFBC}") = "Ghud", "Ghud\Ghud.csproj", "{B6BF1EFF-4BA6-4148-A71A-48FA463C648C}"
EndProject
Global
	GlobalSection(SolutionConfigurationPlatforms) = preSolution
		Debug|Any CPU = Debug|Any CPU
		Release|Any CPU = Release|Any CPU
	EndGlobalSection
	GlobalSection(ProjectConfigurationPlatforms) = postSolution
		{B6BF1EFF-4BA6-4148-A71A-48FA463C648C}.Debug|Any CPU.ActiveCfg = Debug|Any CPU
		{B6BF1EFF-4BA6-4148-A71A-48FA463C648C}.Debug|Any CPU.Build.0 = Debug|Any CPU
		{B6BF1EFF-4BA6-4148-A71A-48FA463C648C}.Release|Any CPU.ActiveCfg = Release|Any CPU
		{B6BF1EFF-4BA6-4148-A71A-48FA463C648C}.Release|Any CPU.Build.0 = Release|Any CPU
	EndGlobalSection
	GlobalSection(SolutionProperties) = preSolution
		HideSolutionNode = FALSE
	EndGlobalSection
	GlobalSection(ExtensibilityGlobals) = postSolution
		SolutionGuid = {5B3AC67D-B4D9-45CF-89AD-9DBD0A53FBF6}
	EndGlobalSection
EndGlobal
