
Microsoft Visual Studio Solution File, Format Version 12.00
# Visual Studio Version 16
VisualStudioVersion = 16.0.31515.178
MinimumVisualStudioVersion = 10.0.40219.1
Project("{FAE04EC0-301F-11D3-BF4B-00C04F79EFBC}") = "Queen", "Queen\Queen.csproj", "{F503AA0A-652E-4D1B-8816-CC7FF763061C}"
EndProject
Global
	GlobalSection(SolutionConfigurationPlatforms) = preSolution
		Debug|Any CPU = Debug|Any CPU
		Release|Any CPU = Release|Any CPU
	EndGlobalSection
	GlobalSection(ProjectConfigurationPlatforms) = postSolution
		{F503AA0A-652E-4D1B-8816-CC7FF763061C}.Debug|Any CPU.ActiveCfg = Debug|Any CPU
		{F503AA0A-652E-4D1B-8816-CC7FF763061C}.Debug|Any CPU.Build.0 = Debug|Any CPU
		{F503AA0A-652E-4D1B-8816-CC7FF763061C}.Release|Any CPU.ActiveCfg = Release|Any CPU
		{F503AA0A-652E-4D1B-8816-CC7FF763061C}.Release|Any CPU.Build.0 = Release|Any CPU
	EndGlobalSection
	GlobalSection(SolutionProperties) = preSolution
		HideSolutionNode = FALSE
	EndGlobalSection
	GlobalSection(ExtensibilityGlobals) = postSolution
		SolutionGuid = {4D7686AB-3F27-4BE6-BC45-8A73E0F5FDB9}
	EndGlobalSection
EndGlobal
