
Microsoft Visual Studio Solution File, Format Version 12.00
# Visual Studio Version 16
VisualStudioVersion = 16.0.32407.337
MinimumVisualStudioVersion = 10.0.40219.1
Project("{FAE04EC0-301F-11D3-BF4B-00C04F79EFBC}") = "Dies-Irae", "Dies-Irae\Dies-Irae.csproj", "{C59798B6-A428-45EC-9E8E-68B4DB8DCB6C}"
EndProject
Global
	GlobalSection(SolutionConfigurationPlatforms) = preSolution
		Debug|Any CPU = Debug|Any CPU
		Release|Any CPU = Release|Any CPU
	EndGlobalSection
	GlobalSection(ProjectConfigurationPlatforms) = postSolution
		{C59798B6-A428-45EC-9E8E-68B4DB8DCB6C}.Debug|Any CPU.ActiveCfg = Debug|Any CPU
		{C59798B6-A428-45EC-9E8E-68B4DB8DCB6C}.Debug|Any CPU.Build.0 = Debug|Any CPU
		{C59798B6-A428-45EC-9E8E-68B4DB8DCB6C}.Release|Any CPU.ActiveCfg = Release|Any CPU
		{C59798B6-A428-45EC-9E8E-68B4DB8DCB6C}.Release|Any CPU.Build.0 = Release|Any CPU
	EndGlobalSection
	GlobalSection(SolutionProperties) = preSolution
		HideSolutionNode = FALSE
	EndGlobalSection
	GlobalSection(ExtensibilityGlobals) = postSolution
		SolutionGuid = {3171E18D-2752-47D5-8FE6-7925A0AB58A0}
	EndGlobalSection
EndGlobal
