
Microsoft Visual Studio Solution File, Format Version 12.00
# Visual Studio Version 16
VisualStudioVersion = 16.0.31515.178
MinimumVisualStudioVersion = 10.0.40219.1
Project("{FAE04EC0-301F-11D3-BF4B-00C04F79EFBC}") = "Vampire", "Vampire\Vampire.csproj", "{8812CD3F-B948-4F86-8C50-3BCA6AF456CE}"
EndProject
Global
	GlobalSection(SolutionConfigurationPlatforms) = preSolution
		Debug|Any CPU = Debug|Any CPU
		Release|Any CPU = Release|Any CPU
	EndGlobalSection
	GlobalSection(ProjectConfigurationPlatforms) = postSolution
		{8812CD3F-B948-4F86-8C50-3BCA6AF456CE}.Debug|Any CPU.ActiveCfg = Debug|Any CPU
		{8812CD3F-B948-4F86-8C50-3BCA6AF456CE}.Debug|Any CPU.Build.0 = Debug|Any CPU
		{8812CD3F-B948-4F86-8C50-3BCA6AF456CE}.Release|Any CPU.ActiveCfg = Release|Any CPU
		{8812CD3F-B948-4F86-8C50-3BCA6AF456CE}.Release|Any CPU.Build.0 = Release|Any CPU
	EndGlobalSection
	GlobalSection(SolutionProperties) = preSolution
		HideSolutionNode = FALSE
	EndGlobalSection
	GlobalSection(ExtensibilityGlobals) = postSolution
		SolutionGuid = {A80370B9-B296-4CA6-8607-BE94D980B007}
	EndGlobalSection
EndGlobal
